
Microsoft Visual Studio Solution File, Format Version 12.00
# Visual Studio 15
VisualStudioVersion = 15.0.26730.12
MinimumVisualStudioVersion = 10.0.40219.1
Project("{FAE04EC0-301F-11D3-BF4B-00C04F79EFBC}") = "AlchemistShop", "AlchemistShop\AlchemistShop.csproj", "{FAFD2914-307E-4B38-A1F1-7F1BF4F403E5}"
EndProject
Global
	GlobalSection(SolutionConfigurationPlatforms) = preSolution
		Debug|Any CPU = Debug|Any CPU
		Release|Any CPU = Release|Any CPU
	EndGlobalSection
	GlobalSection(ProjectConfigurationPlatforms) = postSolution
		{FAFD2914-307E-4B38-A1F1-7F1BF4F403E5}.Debug|Any CPU.ActiveCfg = Debug|Any CPU
		{FAFD2914-307E-4B38-A1F1-7F1BF4F403E5}.Debug|Any CPU.Build.0 = Debug|Any CPU
		{FAFD2914-307E-4B38-A1F1-7F1BF4F403E5}.Release|Any CPU.ActiveCfg = Release|Any CPU
		{FAFD2914-307E-4B38-A1F1-7F1BF4F403E5}.Release|Any CPU.Build.0 = Release|Any CPU
	EndGlobalSection
	GlobalSection(SolutionProperties) = preSolution
		HideSolutionNode = FALSE
	EndGlobalSection
	GlobalSection(ExtensibilityGlobals) = postSolution
		SolutionGuid = {B2A1508F-A0E3-48C8-9614-032A0F550E14}
	EndGlobalSection
EndGlobal
