
Microsoft Visual Studio Solution File, Format Version 12.00
# Visual Studio 15
VisualStudioVersion = 15.0.26730.12
MinimumVisualStudioVersion = 10.0.40219.1
Project("{FAE04EC0-301F-11D3-BF4B-00C04F79EFBC}") = "Sages", "Sages\Sages.csproj", "{893F75CD-1021-4165-B04D-6B58B275BA06}"
EndProject
Global
	GlobalSection(SolutionConfigurationPlatforms) = preSolution
		Debug|Any CPU = Debug|Any CPU
		Release|Any CPU = Release|Any CPU
	EndGlobalSection
	GlobalSection(ProjectConfigurationPlatforms) = postSolution
		{893F75CD-1021-4165-B04D-6B58B275BA06}.Debug|Any CPU.ActiveCfg = Debug|Any CPU
		{893F75CD-1021-4165-B04D-6B58B275BA06}.Debug|Any CPU.Build.0 = Debug|Any CPU
		{893F75CD-1021-4165-B04D-6B58B275BA06}.Release|Any CPU.ActiveCfg = Release|Any CPU
		{893F75CD-1021-4165-B04D-6B58B275BA06}.Release|Any CPU.Build.0 = Release|Any CPU
	EndGlobalSection
	GlobalSection(SolutionProperties) = preSolution
		HideSolutionNode = FALSE
	EndGlobalSection
	GlobalSection(ExtensibilityGlobals) = postSolution
		SolutionGuid = {D18443D9-EBA3-4E59-8EA9-9BFCF09AD83E}
	EndGlobalSection
EndGlobal
